{
  "name": "adonis-bull-provider",
  "version": "0.0.1",
  "lockfileVersion": 1,
  "requires": true,
  "dependencies": {
    "@adonisjs/fold": {
      "version": "4.0.9",
      "resolved": "https://registry.npmjs.org/@adonisjs/fold/-/fold-4.0.9.tgz",
      "integrity": "sha512-eH6048Ug32BvYvvvfRThy+IDE8lcRtqExca2TfE/Gw5ZP51rVEYqPd1yy3ioB4R5XI8VUS0hjOt5l7tKUh4Sww==",
      "dev": true,
      "requires": {
        "@adonisjs/generic-exceptions": "^2.0.1",
        "caller": "^1.0.1",
        "debug": "^3.1.0",
        "lodash": "^4.17.10",
        "require-stack": "^1.0.2"
      }
    },
    "@adonisjs/generic-exceptions": {
      "version": "2.0.1",
      "resolved": "https://registry.npmjs.org/@adonisjs/generic-exceptions/-/generic-exceptions-2.0.1.tgz",
      "integrity": "sha512-ZIPnj7vlRZKaAyZ4c2SUFCpJ6Yk+xzR+STjsze9unmZQncpQmVq1K8r20pXX3Z9rnxKVlfwO58HTxMMWaX9t9A==",
      "dev": true,
      "requires": {
        "node-exceptions": "^3.0.0",
        "upcast": "^2.1.1"
      }
    },
    "@adonisjs/sink": {
      "version": "1.0.17",
      "resolved": "https://registry.npmjs.org/@adonisjs/sink/-/sink-1.0.17.tgz",
      "integrity": "sha512-jy2Oxa4e3Suu6V45mvODkY17R4UY6tAJrkT5eruylm5A8oJTKBZZ5ttRVIFf4l0RihR6BkeEOZu92mXUu9JrwQ==",
      "dev": true,
      "requires": {
        "lodash": "^4.17.5",
        "pify": "^4.0.0"
      }
    },
    "acorn": {
      "version": "6.1.1",
      "resolved": "https://registry.npmjs.org/acorn/-/acorn-6.1.1.tgz",
      "integrity": "sha512-jPTiwtOxaHNaAPg/dmrJ/beuzLRnXtB0kQPQ8JpotKJgTB6rX6c8mlf315941pyjBSaPg8NHXS9fhP4u17DpGA==",
      "dev": true
    },
    "acorn-dynamic-import": {
      "version": "4.0.0",
      "resolved": "https://registry.npmjs.org/acorn-dynamic-import/-/acorn-dynamic-import-4.0.0.tgz",
      "integrity": "sha512-d3OEjQV4ROpoflsnUA8HozoIR504TFxNivYEUi6uwz0IYhBkTDXGuWlNdMtybRt3nqVx/L6XqMt0FxkXuWKZhw==",
      "dev": true
    },
    "acorn-node": {
      "version": "1.7.0",
      "resolved": "https://registry.npmjs.org/acorn-node/-/acorn-node-1.7.0.tgz",
      "integrity": "sha512-XhahLSsCB6X6CJbe+uNu3Mn9sJBNFxtBN9NLgAOQovfS6Kh0lDUtmlclhjn9CvEK7A7YyRU13PXlNcpSiLI9Yw==",
      "dev": true,
      "requires": {
        "acorn": "^6.1.1",
        "acorn-dynamic-import": "^4.0.0",
        "acorn-walk": "^6.1.1",
        "xtend": "^4.0.1"
      }
    },
    "acorn-walk": {
      "version": "6.1.1",
      "resolved": "https://registry.npmjs.org/acorn-walk/-/acorn-walk-6.1.1.tgz",
      "integrity": "sha512-OtUw6JUTgxA2QoqqmrmQ7F2NYqiBPi/L2jqHyFtllhOUvXYQXf0Z1CYUinIfyT4bTCGmrA7gX9FvHA81uzCoVw==",
      "dev": true
    },
    "bull": {
      "version": "3.10.0",
      "resolved": "https://registry.npmjs.org/bull/-/bull-3.10.0.tgz",
      "integrity": "sha512-LbQsc7c+eYd7IaJD7tS373yKLYttjTfoPZ+9xYYlPM5+gutAjofSTsESOGGyaxyX2lE1dkg+eWhUK5kAPl5Zow==",
      "requires": {
        "cron-parser": "^2.7.3",
        "debuglog": "^1.0.0",
        "get-port": "^5.0.0",
        "ioredis": "^4.5.1",
        "lodash": "^4.17.11",
        "p-timeout": "^3.1.0",
        "promise.prototype.finally": "^3.1.0",
        "semver": "^6.1.1",
        "util.promisify": "^1.0.0",
        "uuid": "^3.2.1"
      },
      "dependencies": {
        "semver": {
          "version": "6.1.2",
          "resolved": "https://registry.npmjs.org/semver/-/semver-6.1.2.tgz",
          "integrity": "sha512-z4PqiCpomGtWj8633oeAdXm1Kn1W++3T8epkZYnwiVgIYIJ0QHszhInYSJTYxebByQH7KVCEAn8R9duzZW2PhQ=="
        }
      }
    },
    "caller": {
      "version": "1.0.1",
      "resolved": "https://registry.npmjs.org/caller/-/caller-1.0.1.tgz",
      "integrity": "sha1-uFGGD3Dhlds9J3OVqhp+I+ow7PU=",
      "dev": true
    },
    "cluster-key-slot": {
      "version": "1.0.12",
      "resolved": "https://registry.npmjs.org/cluster-key-slot/-/cluster-key-slot-1.0.12.tgz",
      "integrity": "sha512-21O0kGmvED5OJ7ZTdqQ5lQQ+sjuez33R+d35jZKLwqUb5mqcPHUsxOSzj61+LHVtxGZd1kShbQM3MjB/gBJkVg=="
    },
    "cron-parser": {
      "version": "2.12.0",
      "resolved": "https://registry.npmjs.org/cron-parser/-/cron-parser-2.12.0.tgz",
      "integrity": "sha512-1GU6CQJ6gT9XDEGeTuzfhZgFMf82BSs3ihFA3i2wr4qGKJLhO1kOvaIF9biIo39CaPgzZ17U8FgYxRv/+UR50A==",
      "requires": {
        "is-nan": "^1.2.1",
        "moment-timezone": "^0.5.25"
      }
    },
    "cross-env": {
      "version": "5.2.0",
      "resolved": "https://registry.npmjs.org/cross-env/-/cross-env-5.2.0.tgz",
      "integrity": "sha512-jtdNFfFW1hB7sMhr/H6rW1Z45LFqyI431m3qU6bFXcQ3Eh7LtBuG3h74o7ohHZ3crrRkkqHlo4jYHFPcjroANg==",
      "dev": true,
      "requires": {
        "cross-spawn": "^6.0.5",
        "is-windows": "^1.0.0"
      }
    },
    "cross-spawn": {
      "version": "6.0.5",
      "resolved": "https://registry.npmjs.org/cross-spawn/-/cross-spawn-6.0.5.tgz",
      "integrity": "sha512-eTVLrBSt7fjbDygz805pMnstIs2VTBNkRm0qxZd+M7A5XDdxVRWO5MxGBXZhjY4cqLYLdtrGqRf8mBPmzwSpWQ==",
      "dev": true,
      "requires": {
        "nice-try": "^1.0.4",
        "path-key": "^2.0.1",
        "semver": "^5.5.0",
        "shebang-command": "^1.2.0",
        "which": "^1.2.9"
      }
    },
    "debug": {
      "version": "3.2.6",
      "resolved": "https://registry.npmjs.org/debug/-/debug-3.2.6.tgz",
      "integrity": "sha512-mel+jf7nrtEl5Pn1Qx46zARXKDpBbvzezse7p7LqINmdoIk8PYP5SySaxEmYv6TZ0JyEKA1hsCId6DIhgITtWQ==",
      "requires": {
        "ms": "^2.1.1"
      }
    },
    "debuglog": {
      "version": "1.0.1",
      "resolved": "https://registry.npmjs.org/debuglog/-/debuglog-1.0.1.tgz",
      "integrity": "sha1-qiT/uaw9+aI1GDfPstJ5NgzXhJI="
    },
    "define-properties": {
      "version": "1.1.3",
      "resolved": "https://registry.npmjs.org/define-properties/-/define-properties-1.1.3.tgz",
      "integrity": "sha512-3MqfYKj2lLzdMSf8ZIZE/V+Zuy+BgD6f164e8K2w7dgnpKArBDerGYpM46IYYcjnkdPNMjPk9A6VFB8+3SKlXQ==",
      "requires": {
        "object-keys": "^1.0.12"
      }
    },
    "denque": {
      "version": "1.4.1",
      "resolved": "https://registry.npmjs.org/denque/-/denque-1.4.1.tgz",
      "integrity": "sha512-OfzPuSZKGcgr96rf1oODnfjqBFmr1DVoc/TrItj3Ohe0Ah1C5WX5Baquw/9U9KovnQ88EqmJbD66rKYUQYN1tQ=="
    },
    "es-abstract": {
      "version": "1.13.0",
      "resolved": "https://registry.npmjs.org/es-abstract/-/es-abstract-1.13.0.tgz",
      "integrity": "sha512-vDZfg/ykNxQVwup/8E1BZhVzFfBxs9NqMzGcvIJrqg5k2/5Za2bWo40dK2J1pgLngZ7c+Shh8lwYtLGyrwPutg==",
      "requires": {
        "es-to-primitive": "^1.2.0",
        "function-bind": "^1.1.1",
        "has": "^1.0.3",
        "is-callable": "^1.1.4",
        "is-regex": "^1.0.4",
        "object-keys": "^1.0.12"
      }
    },
    "es-to-primitive": {
      "version": "1.2.0",
      "resolved": "https://registry.npmjs.org/es-to-primitive/-/es-to-primitive-1.2.0.tgz",
      "integrity": "sha512-qZryBOJjV//LaxLTV6UC//WewneB3LcXOL9NP++ozKVXsIIIpm/2c13UDiD9Jp2eThsecw9m3jPqDwTyobcdbg==",
      "requires": {
        "is-callable": "^1.1.4",
        "is-date-object": "^1.0.1",
        "is-symbol": "^1.0.2"
      }
    },
    "fs-extra": {
      "version": "8.0.1",
      "resolved": "https://registry.npmjs.org/fs-extra/-/fs-extra-8.0.1.tgz",
      "integrity": "sha512-W+XLrggcDzlle47X/XnS7FXrXu9sDo+Ze9zpndeBxdgv88FHLm1HtmkhEwavruS6koanBjp098rUpHs65EmG7A==",
      "requires": {
        "graceful-fs": "^4.1.2",
        "jsonfile": "^4.0.0",
        "universalify": "^0.1.0"
      }
    },
    "function-bind": {
      "version": "1.1.1",
      "resolved": "https://registry.npmjs.org/function-bind/-/function-bind-1.1.1.tgz",
      "integrity": "sha512-yIovAzMX49sF8Yl58fSCWJ5svSLuaibPxXQJFLmBObTuCr0Mf1KiPopGM9NiFjiYBCbfaa2Fh6breQ6ANVTI0A=="
    },
    "get-port": {
      "version": "5.0.0",
      "resolved": "https://registry.npmjs.org/get-port/-/get-port-5.0.0.tgz",
      "integrity": "sha512-imzMU0FjsZqNa6BqOjbbW6w5BivHIuQKopjpPqcnx0AVHJQKCxK1O+Ab3OrVXhrekqfVMjwA9ZYu062R+KcIsQ==",
      "requires": {
        "type-fest": "^0.3.0"
      }
    },
    "graceful-fs": {
      "version": "4.2.0",
      "resolved": "https://registry.npmjs.org/graceful-fs/-/graceful-fs-4.2.0.tgz",
      "integrity": "sha512-jpSvDPV4Cq/bgtpndIWbI5hmYxhQGHPC4d4cqBPb4DLniCfhJokdXhwhaDuLBGLQdvvRum/UiX6ECVIPvDXqdg=="
    },
    "has": {
      "version": "1.0.3",
      "resolved": "https://registry.npmjs.org/has/-/has-1.0.3.tgz",
      "integrity": "sha512-f2dvO0VU6Oej7RkWJGrehjbzMAjFp5/VKPp5tTpWIV4JHHZK1/BxbFRtf/siA2SWTe09caDmVtYYzWEIbBS4zw==",
      "requires": {
        "function-bind": "^1.1.1"
      }
    },
    "has-symbols": {
      "version": "1.0.0",
      "resolved": "https://registry.npmjs.org/has-symbols/-/has-symbols-1.0.0.tgz",
      "integrity": "sha1-uhqPGvKg/DllD1yFA2dwQSIGO0Q="
    },
    "ioredis": {
      "version": "4.10.0",
      "resolved": "https://registry.npmjs.org/ioredis/-/ioredis-4.10.0.tgz",
      "integrity": "sha512-bAdt/sKdOvUyKhjLJ8HKFmO6ZQ+OHHmfFgWn9X/ecsp1lJNnOtmh/Xl2+AdKwUdSkl/Rrw1CKOkR8+Kv8tRinQ==",
      "requires": {
        "cluster-key-slot": "^1.0.6",
        "debug": "^3.1.0",
        "denque": "^1.1.0",
        "lodash.defaults": "^4.2.0",
        "lodash.flatten": "^4.4.0",
        "redis-commands": "1.5.0",
        "redis-errors": "^1.2.0",
        "redis-parser": "^3.0.0",
        "standard-as-callback": "^2.0.1"
      }
    },
    "is-callable": {
      "version": "1.1.4",
      "resolved": "https://registry.npmjs.org/is-callable/-/is-callable-1.1.4.tgz",
      "integrity": "sha512-r5p9sxJjYnArLjObpjA4xu5EKI3CuKHkJXMhT7kwbpUyIFD1n5PMAsoPvWnvtZiNz7LjkYDRZhd7FlI0eMijEA=="
    },
    "is-date-object": {
      "version": "1.0.1",
      "resolved": "https://registry.npmjs.org/is-date-object/-/is-date-object-1.0.1.tgz",
      "integrity": "sha1-mqIOtq7rv/d/vTPnTKAbM1gdOhY="
    },
    "is-nan": {
      "version": "1.2.1",
      "resolved": "https://registry.npmjs.org/is-nan/-/is-nan-1.2.1.tgz",
      "integrity": "sha1-n69ltvttskt/XAYoR16nH5iEAeI=",
      "requires": {
        "define-properties": "^1.1.1"
      }
    },
    "is-regex": {
      "version": "1.0.4",
      "resolved": "https://registry.npmjs.org/is-regex/-/is-regex-1.0.4.tgz",
      "integrity": "sha1-VRdIm1RwkbCTDglWVM7SXul+lJE=",
      "requires": {
        "has": "^1.0.1"
      }
    },
    "is-symbol": {
      "version": "1.0.2",
      "resolved": "https://registry.npmjs.org/is-symbol/-/is-symbol-1.0.2.tgz",
      "integrity": "sha512-HS8bZ9ox60yCJLH9snBpIwv9pYUAkcuLhSA1oero1UB5y9aiQpRA8y2ex945AOtCZL1lJDeIk3G5LthswI46Lw==",
      "requires": {
        "has-symbols": "^1.0.0"
      }
    },
    "is-windows": {
      "version": "1.0.2",
      "resolved": "https://registry.npmjs.org/is-windows/-/is-windows-1.0.2.tgz",
      "integrity": "sha512-eXK1UInq2bPmjyX6e3VHIzMLobc4J94i4AWn+Hpq3OU5KkrRC96OAcR3PRJ/pGu6m8TRnBHP9dkXQVsT/COVIA==",
      "dev": true
    },
    "isexe": {
      "version": "2.0.0",
      "resolved": "https://registry.npmjs.org/isexe/-/isexe-2.0.0.tgz",
      "integrity": "sha1-6PvzdNxVb/iUehDcsFctYz8s+hA=",
      "dev": true
    },
    "jsonfile": {
      "version": "4.0.0",
      "resolved": "https://registry.npmjs.org/jsonfile/-/jsonfile-4.0.0.tgz",
      "integrity": "sha1-h3Gq4HmbZAdrdmQPygWPnBDjPss=",
      "requires": {
        "graceful-fs": "^4.1.6"
      }
    },
    "lodash": {
      "version": "4.17.11",
      "resolved": "https://registry.npmjs.org/lodash/-/lodash-4.17.11.tgz",
      "integrity": "sha512-cQKh8igo5QUhZ7lg38DYWAxMvjSAKG0A8wGSVimP07SIUEK2UO+arSRKbRZWtelMtN5V0Hkwh5ryOto/SshYIg=="
    },
    "lodash.defaults": {
      "version": "4.2.0",
      "resolved": "https://registry.npmjs.org/lodash.defaults/-/lodash.defaults-4.2.0.tgz",
      "integrity": "sha1-0JF4cW/+pN3p5ft7N/bwgCJ0WAw="
    },
    "lodash.flatten": {
      "version": "4.4.0",
      "resolved": "https://registry.npmjs.org/lodash.flatten/-/lodash.flatten-4.4.0.tgz",
      "integrity": "sha1-8xwiIlqWMtK7+OSt2+8kCqdlph8="
    },
    "moment": {
      "version": "2.24.0",
      "resolved": "https://registry.npmjs.org/moment/-/moment-2.24.0.tgz",
      "integrity": "sha512-bV7f+6l2QigeBBZSM/6yTNq4P2fNpSWj/0e7jQcy87A8e7o2nAfP/34/2ky5Vw4B9S446EtIhodAzkFCcR4dQg=="
    },
    "moment-timezone": {
      "version": "0.5.25",
      "resolved": "https://registry.npmjs.org/moment-timezone/-/moment-timezone-0.5.25.tgz",
      "integrity": "sha512-DgEaTyN/z0HFaVcVbSyVCUU6HeFdnNC3vE4c9cgu2dgMTvjBUBdBzWfasTBmAW45u5OIMeCJtU8yNjM22DHucw==",
      "requires": {
        "moment": ">= 2.9.0"
      }
    },
    "ms": {
      "version": "2.1.2",
      "resolved": "https://registry.npmjs.org/ms/-/ms-2.1.2.tgz",
      "integrity": "sha512-sGkPx+VjMtmA6MX27oA4FBFELFCZZ4S4XqeGOXCv68tT+jb3vk/RyaKWP0PTKyWtmLSM0b+adUTEvbs1PEaH2w=="
    },
    "nice-try": {
      "version": "1.0.5",
      "resolved": "https://registry.npmjs.org/nice-try/-/nice-try-1.0.5.tgz",
      "integrity": "sha512-1nh45deeb5olNY7eX82BkPO7SSxR5SSYJiPTrTdFUVYwAl8CKMA5N9PjTYkHiRjisVcxcQ1HXdLhx2qxxJzLNQ==",
      "dev": true
    },
    "node-exceptions": {
      "version": "3.0.0",
      "resolved": "https://registry.npmjs.org/node-exceptions/-/node-exceptions-3.0.0.tgz",
      "integrity": "sha512-pFhMAqdN1avrFwtZs66HxYiVnbnH9wjXB4m8IKs5Z9+r7U5voqxT+EDbVkRfge+V7JnkOgKhN4HfKBn1o5g9Wg==",
      "dev": true
    },
    "object-keys": {
      "version": "1.1.1",
      "resolved": "https://registry.npmjs.org/object-keys/-/object-keys-1.1.1.tgz",
      "integrity": "sha512-NuAESUOUMrlIXOfHKzD6bpPu3tYt3xvjNdRIQ+FeT0lNb4K8WR70CaDxhuNguS2XG+GjkyMwOzsN5ZktImfhLA=="
    },
    "object.getownpropertydescriptors": {
      "version": "2.0.3",
      "resolved": "https://registry.npmjs.org/object.getownpropertydescriptors/-/object.getownpropertydescriptors-2.0.3.tgz",
      "integrity": "sha1-h1jIRvW0B62rDyNuCYbxSwUcqhY=",
      "requires": {
        "define-properties": "^1.1.2",
        "es-abstract": "^1.5.1"
      }
    },
    "p-finally": {
      "version": "1.0.0",
      "resolved": "https://registry.npmjs.org/p-finally/-/p-finally-1.0.0.tgz",
      "integrity": "sha1-P7z7FbiZpEEjs0ttzBi3JDNqLK4="
    },
    "p-timeout": {
      "version": "3.1.0",
      "resolved": "https://registry.npmjs.org/p-timeout/-/p-timeout-3.1.0.tgz",
      "integrity": "sha512-C27DYI+tCroT8J8cTEyySGydl2B7FlxrGNF5/wmMbl1V+jeehUCzEE/BVgzRebdm2K3ZitKOKx8YbdFumDyYmw==",
      "requires": {
        "p-finally": "^1.0.0"
      }
    },
    "path-key": {
      "version": "2.0.1",
      "resolved": "https://registry.npmjs.org/path-key/-/path-key-2.0.1.tgz",
      "integrity": "sha1-QRyttXTFoUDTpLGRDUDYDMn0C0A=",
      "dev": true
    },
    "pify": {
      "version": "4.0.1",
      "resolved": "https://registry.npmjs.org/pify/-/pify-4.0.1.tgz",
      "integrity": "sha512-uB80kBFb/tfd68bVleG9T5GGsGPjJrLAUpR5PZIrhBnIaRTQRjqdJSsIKkOP6OAIFbj7GOrcudc5pNjZ+geV2g==",
      "dev": true
    },
    "promise.prototype.finally": {
      "version": "3.1.0",
      "resolved": "https://registry.npmjs.org/promise.prototype.finally/-/promise.prototype.finally-3.1.0.tgz",
      "integrity": "sha512-7p/K2f6dI+dM8yjRQEGrTQs5hTQixUAdOGpMEA3+pVxpX5oHKRSKAXyLw9Q9HUWDTdwtoo39dSHGQtN90HcEwQ==",
      "requires": {
        "define-properties": "^1.1.2",
        "es-abstract": "^1.9.0",
        "function-bind": "^1.1.1"
      }
    },
    "redis-commands": {
      "version": "1.5.0",
      "resolved": "https://registry.npmjs.org/redis-commands/-/redis-commands-1.5.0.tgz",
      "integrity": "sha512-6KxamqpZ468MeQC3bkWmCB1fp56XL64D4Kf0zJSwDZbVLLm7KFkoIcHrgRvQ+sk8dnhySs7+yBg94yIkAK7aJg=="
    },
    "redis-errors": {
      "version": "1.2.0",
      "resolved": "https://registry.npmjs.org/redis-errors/-/redis-errors-1.2.0.tgz",
      "integrity": "sha1-62LSrbFeTq9GEMBK/hUpOEJQq60="
    },
    "redis-parser": {
      "version": "3.0.0",
      "resolved": "https://registry.npmjs.org/redis-parser/-/redis-parser-3.0.0.tgz",
      "integrity": "sha1-tm2CjNyv5rS4pCin3vTGvKwxyLQ=",
      "requires": {
        "redis-errors": "^1.0.0"
      }
    },
    "require-stack": {
      "version": "1.0.2",
      "resolved": "https://registry.npmjs.org/require-stack/-/require-stack-1.0.2.tgz",
      "integrity": "sha1-4A7jSL+Wy1w+LUwntJ5BR24Ill0=",
      "dev": true,
      "requires": {
        "syntax-error": "^1.1.4"
      }
    },
    "semver": {
      "version": "5.7.0",
      "resolved": "https://registry.npmjs.org/semver/-/semver-5.7.0.tgz",
      "integrity": "sha512-Ya52jSX2u7QKghxeoFGpLwCtGlt7j0oY9DYb5apt9nPlJ42ID+ulTXESnt/qAQcoSERyZ5sl3LDIOw0nAn/5DA==",
      "dev": true
    },
    "shebang-command": {
      "version": "1.2.0",
      "resolved": "https://registry.npmjs.org/shebang-command/-/shebang-command-1.2.0.tgz",
      "integrity": "sha1-RKrGW2lbAzmJaMOfNj/uXer98eo=",
      "dev": true,
      "requires": {
        "shebang-regex": "^1.0.0"
      }
    },
    "shebang-regex": {
      "version": "1.0.0",
      "resolved": "https://registry.npmjs.org/shebang-regex/-/shebang-regex-1.0.0.tgz",
      "integrity": "sha1-2kL0l0DAtC2yypcoVxyxkMmO/qM=",
      "dev": true
    },
    "standard-as-callback": {
      "version": "2.0.1",
      "resolved": "https://registry.npmjs.org/standard-as-callback/-/standard-as-callback-2.0.1.tgz",
      "integrity": "sha512-NQOxSeB8gOI5WjSaxjBgog2QFw55FV8TkS6Y07BiB3VJ8xNTvUYm0wl0s8ObgQ5NhdpnNfigMIKjgPESzgr4tg=="
    },
    "syntax-error": {
      "version": "1.4.0",
      "resolved": "https://registry.npmjs.org/syntax-error/-/syntax-error-1.4.0.tgz",
      "integrity": "sha512-YPPlu67mdnHGTup2A8ff7BC2Pjq0e0Yp/IyTFN03zWO0RcK07uLcbi7C2KpGR2FvWbaB0+bfE27a+sBKebSo7w==",
      "dev": true,
      "requires": {
        "acorn-node": "^1.2.0"
      }
    },
    "type-fest": {
      "version": "0.3.1",
      "resolved": "https://registry.npmjs.org/type-fest/-/type-fest-0.3.1.tgz",
      "integrity": "sha512-cUGJnCdr4STbePCgqNFbpVNCepa+kAVohJs1sLhxzdH+gnEoOd8VhbYa7pD3zZYGiURWM2xzEII3fQcRizDkYQ=="
    },
    "universalify": {
      "version": "0.1.2",
      "resolved": "https://registry.npmjs.org/universalify/-/universalify-0.1.2.tgz",
      "integrity": "sha512-rBJeI5CXAlmy1pV+617WB9J63U6XcazHHF2f2dbJix4XzpUF0RS3Zbj0FGIOCAva5P/d/GBOYaACQ1w+0azUkg=="
    },
    "upcast": {
      "version": "2.1.2",
      "resolved": "https://registry.npmjs.org/upcast/-/upcast-2.1.2.tgz",
      "integrity": "sha512-c+ueM175OVWv9vr1SYA3rI1ao0bxq6Y7l6u5Sac25Hi0yWz9Lz341zt9/sVOa5+7lYcvHMb0xxaacFy/2lVF2w==",
      "dev": true,
      "requires": {
        "cross-env": "^5.1.0"
      }
    },
    "util.promisify": {
      "version": "1.0.0",
      "resolved": "https://registry.npmjs.org/util.promisify/-/util.promisify-1.0.0.tgz",
      "integrity": "sha512-i+6qA2MPhvoKLuxnJNpXAGhg7HphQOSUq2LKMZD0m15EiskXUkMvKdF4Uui0WYeCUGea+o2cw/ZuwehtfsrNkA==",
      "requires": {
        "define-properties": "^1.1.2",
        "object.getownpropertydescriptors": "^2.0.3"
      }
    },
    "uuid": {
      "version": "3.3.2",
      "resolved": "https://registry.npmjs.org/uuid/-/uuid-3.3.2.tgz",
      "integrity": "sha512-yXJmeNaw3DnnKAOKJE51sL/ZaYfWJRl1pK9dr19YFCu0ObS231AB1/LbqTKRAQ5kw8A90rA6fr4riOUpTZvQZA=="
    },
    "which": {
      "version": "1.3.1",
      "resolved": "https://registry.npmjs.org/which/-/which-1.3.1.tgz",
      "integrity": "sha512-HxJdYWq1MTIQbJ3nw0cqssHoTNU267KlrDuGZ1WYlxDStUtKUhOaJmh112/TZmHxxUfuJqPXSOm7tDyas0OSIQ==",
      "dev": true,
      "requires": {
        "isexe": "^2.0.0"
      }
    },
    "xtend": {
      "version": "4.0.1",
      "resolved": "https://registry.npmjs.org/xtend/-/xtend-4.0.1.tgz",
      "integrity": "sha1-pcbVMr5lbiPbgg77lDofBJmNY68=",
      "dev": true
    }
  }
}
